
Microsoft Visual Studio Solution File, Format Version 12.00
# Visual Studio Version 16
VisualStudioVersion = 16.0.30114.105
MinimumVisualStudioVersion = 10.0.40219.1
Project("{FAE04EC0-301F-11D3-BF4B-00C04F79EFBC}") = "WebServer", "Server\WebServer.csproj", "{8ED5EB81-3167-4459-BF46-CAF5E354F869}"
EndProject
Project("{FAE04EC0-301F-11D3-BF4B-00C04F79EFBC}") = "Client", "Client\Client.csproj", "{44D62629-4A1F-4D27-905A-95DA9FF895CE}"
EndProject
Global
	GlobalSection(SolutionConfigurationPlatforms) = preSolution
		Debug|Any CPU = Debug|Any CPU
		Release|Any CPU = Release|Any CPU
	EndGlobalSection
	GlobalSection(SolutionProperties) = preSolution
		HideSolutionNode = FALSE
	EndGlobalSection
	GlobalSection(ProjectConfigurationPlatforms) = postSolution
		{8ED5EB81-3167-4459-BF46-CAF5E354F869}.Debug|Any CPU.ActiveCfg = Debug|Any CPU
		{8ED5EB81-3167-4459-BF46-CAF5E354F869}.Debug|Any CPU.Build.0 = Debug|Any CPU
		{8ED5EB81-3167-4459-BF46-CAF5E354F869}.Release|Any CPU.ActiveCfg = Release|Any CPU
		{8ED5EB81-3167-4459-BF46-CAF5E354F869}.Release|Any CPU.Build.0 = Release|Any CPU
		{44D62629-4A1F-4D27-905A-95DA9FF895CE}.Debug|Any CPU.ActiveCfg = Debug|Any CPU
		{44D62629-4A1F-4D27-905A-95DA9FF895CE}.Debug|Any CPU.Build.0 = Debug|Any CPU
		{44D62629-4A1F-4D27-905A-95DA9FF895CE}.Release|Any CPU.ActiveCfg = Release|Any CPU
		{44D62629-4A1F-4D27-905A-95DA9FF895CE}.Release|Any CPU.Build.0 = Release|Any CPU
	EndGlobalSection
EndGlobal
